
Microsoft Visual Studio Solution File, Format Version 12.00
# Visual Studio Version 17
VisualStudioVersion = 17.9.34616.47
MinimumVisualStudioVersion = 10.0.40219.1
Project("{2150E333-8FDC-42A3-9474-1A3956D46DE8}") = "src", "src", "{E42EA20E-8C39-4F72-AD3E-47EEC1AD53A7}"
EndProject
Project("{2150E333-8FDC-42A3-9474-1A3956D46DE8}") = "whatgym.api", "whatgym.api", "{FA59A6BA-8420-4BD5-93A3-D91A4BF08304}"
EndProject
Project("{2150E333-8FDC-42A3-9474-1A3956D46DE8}") = "tests", "tests", "{10E2A718-080B-4517-8BCF-9189B85096FB}"
EndProject
Project("{9A19103F-16F7-4668-BE54-9A1E7A4F7556}") = "whatgym.api", "src\whatgym.api\whatgym.api.csproj", "{9BE8594D-31C8-45A1-85C7-35B775FC426C}"
EndProject
Project("{2150E333-8FDC-42A3-9474-1A3956D46DE8}") = "Infrastructure", "Infrastructure", "{77D7B29B-CD17-4833-949E-122C2E9A5FCF}"
EndProject
Project("{2150E333-8FDC-42A3-9474-1A3956D46DE8}") = "Core", "Core", "{75BC4EEA-CA75-454D-BB48-3FEA2815E32D}"
EndProject
Project("{9A19103F-16F7-4668-BE54-9A1E7A4F7556}") = "Infrastructure", "src\Infrastructure\Infrastructure.csproj", "{E23BD971-4198-4C22-8D89-B310158FA062}"
EndProject
Project("{2150E333-8FDC-42A3-9474-1A3956D46DE8}") = "Application", "Application", "{D821C831-281C-4D96-82F6-CCDC6A074844}"
EndProject
Project("{9A19103F-16F7-4668-BE54-9A1E7A4F7556}") = "Application", "src\Core\Application\Application.csproj", "{6B706081-D3E0-49C7-9D08-99AC60049136}"
EndProject
Project("{2150E333-8FDC-42A3-9474-1A3956D46DE8}") = "Domain", "Domain", "{F8DB0FCA-A450-432D-B378-88A3C8A8B236}"
EndProject
Project("{FAE04EC0-301F-11D3-BF4B-00C04F79EFBC}") = "Domain", "src\Core\Domain\Domain.csproj", "{4CF352F5-29ED-47F0-93D4-A2A1FB27F307}"
EndProject
Global
	GlobalSection(SolutionConfigurationPlatforms) = preSolution
		Debug|Any CPU = Debug|Any CPU
		Release|Any CPU = Release|Any CPU
	EndGlobalSection
	GlobalSection(ProjectConfigurationPlatforms) = postSolution
		{9BE8594D-31C8-45A1-85C7-35B775FC426C}.Debug|Any CPU.ActiveCfg = Debug|Any CPU
		{9BE8594D-31C8-45A1-85C7-35B775FC426C}.Debug|Any CPU.Build.0 = Debug|Any CPU
		{9BE8594D-31C8-45A1-85C7-35B775FC426C}.Release|Any CPU.ActiveCfg = Release|Any CPU
		{9BE8594D-31C8-45A1-85C7-35B775FC426C}.Release|Any CPU.Build.0 = Release|Any CPU
		{E23BD971-4198-4C22-8D89-B310158FA062}.Debug|Any CPU.ActiveCfg = Debug|Any CPU
		{E23BD971-4198-4C22-8D89-B310158FA062}.Debug|Any CPU.Build.0 = Debug|Any CPU
		{E23BD971-4198-4C22-8D89-B310158FA062}.Release|Any CPU.ActiveCfg = Release|Any CPU
		{E23BD971-4198-4C22-8D89-B310158FA062}.Release|Any CPU.Build.0 = Release|Any CPU
		{6B706081-D3E0-49C7-9D08-99AC60049136}.Debug|Any CPU.ActiveCfg = Debug|Any CPU
		{6B706081-D3E0-49C7-9D08-99AC60049136}.Debug|Any CPU.Build.0 = Debug|Any CPU
		{6B706081-D3E0-49C7-9D08-99AC60049136}.Release|Any CPU.ActiveCfg = Release|Any CPU
		{6B706081-D3E0-49C7-9D08-99AC60049136}.Release|Any CPU.Build.0 = Release|Any CPU
		{4CF352F5-29ED-47F0-93D4-A2A1FB27F307}.Debug|Any CPU.ActiveCfg = Debug|Any CPU
		{4CF352F5-29ED-47F0-93D4-A2A1FB27F307}.Debug|Any CPU.Build.0 = Debug|Any CPU
		{4CF352F5-29ED-47F0-93D4-A2A1FB27F307}.Release|Any CPU.ActiveCfg = Release|Any CPU
		{4CF352F5-29ED-47F0-93D4-A2A1FB27F307}.Release|Any CPU.Build.0 = Release|Any CPU
	EndGlobalSection
	GlobalSection(SolutionProperties) = preSolution
		HideSolutionNode = FALSE
	EndGlobalSection
	GlobalSection(NestedProjects) = preSolution
		{FA59A6BA-8420-4BD5-93A3-D91A4BF08304} = {E42EA20E-8C39-4F72-AD3E-47EEC1AD53A7}
		{9BE8594D-31C8-45A1-85C7-35B775FC426C} = {FA59A6BA-8420-4BD5-93A3-D91A4BF08304}
		{77D7B29B-CD17-4833-949E-122C2E9A5FCF} = {E42EA20E-8C39-4F72-AD3E-47EEC1AD53A7}
		{75BC4EEA-CA75-454D-BB48-3FEA2815E32D} = {E42EA20E-8C39-4F72-AD3E-47EEC1AD53A7}
		{E23BD971-4198-4C22-8D89-B310158FA062} = {77D7B29B-CD17-4833-949E-122C2E9A5FCF}
		{D821C831-281C-4D96-82F6-CCDC6A074844} = {75BC4EEA-CA75-454D-BB48-3FEA2815E32D}
		{6B706081-D3E0-49C7-9D08-99AC60049136} = {D821C831-281C-4D96-82F6-CCDC6A074844}
		{F8DB0FCA-A450-432D-B378-88A3C8A8B236} = {75BC4EEA-CA75-454D-BB48-3FEA2815E32D}
		{4CF352F5-29ED-47F0-93D4-A2A1FB27F307} = {F8DB0FCA-A450-432D-B378-88A3C8A8B236}
	EndGlobalSection
	GlobalSection(ExtensibilityGlobals) = postSolution
		SolutionGuid = {2CAB4EDA-E28B-476B-BF9B-DD13D8FE1646}
	EndGlobalSection
EndGlobal
